<?xml version="1.0" encoding="utf-8"?>
<Project ToolsVersion="4.0" xmlns="http://schemas.microsoft.com/developer/msbuild/2003">
  <ItemGroup>
    <FxCompile Include="Shaders\DefaultTex_PS.hlsl" />
    <FxCompile Include="Shaders\DefaultTex_VS.hlsl" />
    <FxCompile Include="Shaders\Default_PS.hlsl" />
    <FxCompile Include="Shaders\Default_VS.hlsl" />
  </ItemGroup>
  <ItemGroup>
    <ClCompile Include="Basic\RenderTexture.cpp" />
    <ClCompile Include="Components\CameraComponent.cpp" />
    <ClCompile Include="Components\Component.cpp" />
    <ClCompile Include="Components\LightComponent.cpp" />
    <ClCompile Include="Components\RenderingComponent.cpp" />
    <ClCompile Include="D3D11Renderer.cpp" />
    <ClCompile Include="Debugging\Debug.cpp" />
    <ClCompile Include="Engine\CameraManager.cpp" />
    <ClCompile Include="Engine\Effect.cpp" />
    <ClCompile Include="Engine\EffectManager.cpp" />
    <ClCompile Include="Engine\Game.cpp" />
    <ClCompile Include="Engine\Layout.cpp" />
    <ClCompile Include="Engine\LightManager.cpp" />
    <ClCompile Include="Entry.cpp" />
    <ClCompile Include="Resources\FBXReader.cpp" />
    <ClCompile Include="Resources\ResourceManager.cpp" />
    <ClCompile Include="Engine\InputManager.cpp" />
    <ClCompile Include="Components\ControllerComponent.cpp" />
    <ClCompile Include="Basic\Timer.cpp" />
    <ClCompile Include="Objects\GameObject.cpp" />
    <ClCompile Include="Tree\Branch.cpp" />
    <ClCompile Include="Tree\Leaf.cpp" />
    <ClCompile Include="Tree\RootNode.cpp" />
    <ClCompile Include="Tree\Tree.cpp" />
    <ClCompile Include="Tree\TreeBone.cpp" />
    <ClCompile Include="Tree\TreeNode.cpp" />
    <ClCompile Include="Tree\TreeSkeleton.cpp" />
    <ClCompile Include="Tree\Trunk.cpp" />
  </ItemGroup>
  <ItemGroup>
    <ClInclude Include="Basic\RenderTexture.h" />
    <ClInclude Include="Components\CameraComponent.h" />
    <ClInclude Include="Components\Component.h" />
    <ClInclude Include="Components\LightComponent.h" />
    <ClInclude Include="Components\RenderingComponent.h" />
    <ClInclude Include="D3D11Renderer.h" />
    <ClInclude Include="Debugging\Debug.h" />
    <ClInclude Include="Engine\CameraManager.h" />
    <ClInclude Include="Engine\Effect.h" />
    <ClInclude Include="Engine\EffectManager.h" />
    <ClInclude Include="Engine\Game.h" />
    <ClInclude Include="Engine\Layout.h" />
    <ClInclude Include="Engine\LightManager.h" />
    <ClInclude Include="Includes.h" />
    <ClInclude Include="resource.h" />
    <ClInclude Include="Resources\FBXReader.h" />
    <ClInclude Include="Resources\ResourceManager.h" />
    <ClInclude Include="Engine\InputManager.h" />
    <ClInclude Include="Components\ControllerComponent.h" />
    <ClInclude Include="Basic\Timer.h" />
    <ClInclude Include="Objects\GameObject.h" />
    <ClInclude Include="ThrirdParty\mathfu\dependencies\vectorial\include\vectorial\config.h" />
    <ClInclude Include="ThrirdParty\mathfu\dependencies\vectorial\include\vectorial\mat4f.h" />
    <ClInclude Include="ThrirdParty\mathfu\dependencies\vectorial\include\vectorial\simd2f.h" />
    <ClInclude Include="ThrirdParty\mathfu\dependencies\vectorial\include\vectorial\simd2f_common.h" />
    <ClInclude Include="ThrirdParty\mathfu\dependencies\vectorial\include\vectorial\simd2f_neon.h" />
    <ClInclude Include="ThrirdParty\mathfu\dependencies\vectorial\include\vectorial\simd4f.h" />
    <ClInclude Include="ThrirdParty\mathfu\dependencies\vectorial\include\vectorial\simd4f_common.h" />
    <ClInclude Include="ThrirdParty\mathfu\dependencies\vectorial\include\vectorial\simd4f_gnu.h" />
    <ClInclude Include="ThrirdParty\mathfu\dependencies\vectorial\include\vectorial\simd4f_neon.h" />
    <ClInclude Include="ThrirdParty\mathfu\dependencies\vectorial\include\vectorial\simd4f_scalar.h" />
    <ClInclude Include="ThrirdParty\mathfu\dependencies\vectorial\include\vectorial\simd4f_sse.h" />
    <ClInclude Include="ThrirdParty\mathfu\dependencies\vectorial\include\vectorial\simd4x4f.h" />
    <ClInclude Include="ThrirdParty\mathfu\dependencies\vectorial\include\vectorial\simd4x4f_gnu.h" />
    <ClInclude Include="ThrirdParty\mathfu\dependencies\vectorial\include\vectorial\simd4x4f_neon.h" />
    <ClInclude Include="ThrirdParty\mathfu\dependencies\vectorial\include\vectorial\simd4x4f_scalar.h" />
    <ClInclude Include="ThrirdParty\mathfu\dependencies\vectorial\include\vectorial\simd4x4f_sse.h" />
    <ClInclude Include="ThrirdParty\mathfu\dependencies\vectorial\include\vectorial\vec_convert.h" />
    <ClInclude Include="ThrirdParty\mathfu\dependencies\vectorial\include\vectorial\vec2f.h" />
    <ClInclude Include="ThrirdParty\mathfu\dependencies\vectorial\include\vectorial\vec3f.h" />
    <ClInclude Include="ThrirdParty\mathfu\dependencies\vectorial\include\vectorial\vec4f.h" />
    <ClInclude Include="ThrirdParty\mathfu\dependencies\vectorial\include\vectorial\vectorial.h" />
    <ClInclude Include="ThrirdParty\mathfu\include\mathfu\internal\disable_warnings_begin.h" />
    <ClInclude Include="ThrirdParty\mathfu\include\mathfu\internal\disable_warnings_end.h" />
    <ClInclude Include="ThrirdParty\mathfu\include\mathfu\internal\matrix_4x4_simd.h" />
    <ClInclude Include="ThrirdParty\mathfu\include\mathfu\internal\vector_2.h" />
    <ClInclude Include="ThrirdParty\mathfu\include\mathfu\internal\vector_2_simd.h" />
    <ClInclude Include="ThrirdParty\mathfu\include\mathfu\internal\vector_3.h" />
    <ClInclude Include="ThrirdParty\mathfu\include\mathfu\internal\vector_3_simd.h" />
    <ClInclude Include="ThrirdParty\mathfu\include\mathfu\internal\vector_4.h" />
    <ClInclude Include="ThrirdParty\mathfu\include\mathfu\internal\vector_4_simd.h" />
    <ClInclude Include="ThrirdParty\mathfu\include\mathfu\constants.h" />
    <ClInclude Include="ThrirdParty\mathfu\include\mathfu\glsl_mappings.h" />
    <ClInclude Include="ThrirdParty\mathfu\include\mathfu\hlsl_mappings.h" />
    <ClInclude Include="ThrirdParty\mathfu\include\mathfu\matrix.h" />
    <ClInclude Include="ThrirdParty\mathfu\include\mathfu\matrix_4x4.h" />
    <ClInclude Include="ThrirdParty\mathfu\include\mathfu\quaternion.h" />
    <ClInclude Include="ThrirdParty\mathfu\include\mathfu\rect.h" />
    <ClInclude Include="ThrirdParty\mathfu\include\mathfu\utilities.h" />
    <ClInclude Include="ThrirdParty\mathfu\include\mathfu\vector.h" />
    <ClInclude Include="Tree\Branch.h" />
    <ClInclude Include="Tree\Leaf.h" />
    <ClInclude Include="Tree\RootNode.h" />
    <ClInclude Include="Tree\Tree.h" />
    <ClInclude Include="Tree\TreeBone.h" />
    <ClInclude Include="Tree\TreeNode.h" />
    <ClInclude Include="Tree\TreeSkeleton.h" />
    <ClInclude Include="Tree\Trunk.h" />
  </ItemGroup>
  <ItemGroup>
    <ResourceCompile Include="RenderingDemo.rc" />
  </ItemGroup>
  <ItemGroup>
    <Image Include="zgo.ico" />
  </ItemGroup>
  <ItemGroup>
    <None Include="Shaders\common.fx" />
    <None Include="Shaders\LightHelper.fx" />
  </ItemGroup>
</Project>